
Microsoft Visual Studio Solution File, Format Version 12.00
# Visual Studio Version 17
VisualStudioVersion = 17.5.33516.290
MinimumVisualStudioVersion = 10.0.40219.1
Project("{FAE04EC0-301F-11D3-BF4B-00C04F79EFBC}") = "SuperConverterDemo", "SuperConverterDemo\SuperConverterDemo.csproj", "{3FA69649-4380-4435-9B32-402507D989E7}"
EndProject
Project("{9A19103F-16F7-4668-BE54-9A1E7A4F7556}") = "SuperConverter", "SuperConverter\SuperConverter.csproj", "{F3440DD8-7AA6-4F5D-892B-85649D442FCA}"
EndProject
Project("{FAE04EC0-301F-11D3-BF4B-00C04F79EFBC}") = "SuperConverter.Test", "SuperConverter.Test\SuperConverter.Test.csproj", "{340C9EC2-A84B-4800-B588-5B47309B336F}"
EndProject
Global
	GlobalSection(SolutionConfigurationPlatforms) = preSolution
		Debug|Any CPU = Debug|Any CPU
		Release|Any CPU = Release|Any CPU
	EndGlobalSection
	GlobalSection(ProjectConfigurationPlatforms) = postSolution
		{3FA69649-4380-4435-9B32-402507D989E7}.Debug|Any CPU.ActiveCfg = Debug|Any CPU
		{3FA69649-4380-4435-9B32-402507D989E7}.Debug|Any CPU.Build.0 = Debug|Any CPU
		{3FA69649-4380-4435-9B32-402507D989E7}.Release|Any CPU.ActiveCfg = Release|Any CPU
		{3FA69649-4380-4435-9B32-402507D989E7}.Release|Any CPU.Build.0 = Release|Any CPU
		{F3440DD8-7AA6-4F5D-892B-85649D442FCA}.Debug|Any CPU.ActiveCfg = Debug|Any CPU
		{F3440DD8-7AA6-4F5D-892B-85649D442FCA}.Debug|Any CPU.Build.0 = Debug|Any CPU
		{F3440DD8-7AA6-4F5D-892B-85649D442FCA}.Release|Any CPU.ActiveCfg = Release|Any CPU
		{F3440DD8-7AA6-4F5D-892B-85649D442FCA}.Release|Any CPU.Build.0 = Release|Any CPU
		{340C9EC2-A84B-4800-B588-5B47309B336F}.Debug|Any CPU.ActiveCfg = Debug|Any CPU
		{340C9EC2-A84B-4800-B588-5B47309B336F}.Debug|Any CPU.Build.0 = Debug|Any CPU
		{340C9EC2-A84B-4800-B588-5B47309B336F}.Release|Any CPU.ActiveCfg = Release|Any CPU
		{340C9EC2-A84B-4800-B588-5B47309B336F}.Release|Any CPU.Build.0 = Release|Any CPU
	EndGlobalSection
	GlobalSection(SolutionProperties) = preSolution
		HideSolutionNode = FALSE
	EndGlobalSection
	GlobalSection(ExtensibilityGlobals) = postSolution
		SolutionGuid = {975C5167-026F-410F-B4E5-C586B42B8910}
	EndGlobalSection
EndGlobal
